
Microsoft Visual Studio Solution File, Format Version 12.00
# Visual Studio Version 16
VisualStudioVersion = 16.0.29025.244
MinimumVisualStudioVersion = 10.0.40219.1
Project("{FAE04EC0-301F-11D3-BF4B-00C04F79EFBC}") = "ATextBasedAdventure", "ATextBasedAdventure.csproj", "{FFC789D8-F46C-49BA-9E28-2DF2BB3BB08C}"
EndProject
Global
	GlobalSection(SolutionConfigurationPlatforms) = preSolution
		Debug|Any CPU = Debug|Any CPU
		Release|Any CPU = Release|Any CPU
	EndGlobalSection
	GlobalSection(ProjectConfigurationPlatforms) = postSolution
		{FFC789D8-F46C-49BA-9E28-2DF2BB3BB08C}.Debug|Any CPU.ActiveCfg = Debug|Any CPU
		{FFC789D8-F46C-49BA-9E28-2DF2BB3BB08C}.Debug|Any CPU.Build.0 = Debug|Any CPU
		{FFC789D8-F46C-49BA-9E28-2DF2BB3BB08C}.Release|Any CPU.ActiveCfg = Release|Any CPU
		{FFC789D8-F46C-49BA-9E28-2DF2BB3BB08C}.Release|Any CPU.Build.0 = Release|Any CPU
	EndGlobalSection
	GlobalSection(SolutionProperties) = preSolution
		HideSolutionNode = FALSE
	EndGlobalSection
	GlobalSection(ExtensibilityGlobals) = postSolution
		SolutionGuid = {12F1BD90-BEB1-4F39-BF51-6C8F4D2A8F71}
	EndGlobalSection
EndGlobal
